
Microsoft Visual Studio Solution File, Format Version 12.00
# Visual Studio Version 16
VisualStudioVersion = 16.0.31729.503
MinimumVisualStudioVersion = 10.0.40219.1
Project("{FAE04EC0-301F-11D3-BF4B-00C04F79EFBC}") = "Mustang.NoSql.Redis", "Mustang.NoSql.Redis\Mustang.NoSql.Redis.csproj", "{93EE81F9-8302-4E09-BDD0-BA373AE9DEF4}"
EndProject
Project("{FAE04EC0-301F-11D3-BF4B-00C04F79EFBC}") = "Mustang.Algorithm", "Mustang.Algorithm\Mustang.Algorithm.csproj", "{98326909-C3F0-431A-9FF4-17D4F68DC32E}"
EndProject
Global
	GlobalSection(SolutionConfigurationPlatforms) = preSolution
		Debug|Any CPU = Debug|Any CPU
		Release|Any CPU = Release|Any CPU
	EndGlobalSection
	GlobalSection(ProjectConfigurationPlatforms) = postSolution
		{93EE81F9-8302-4E09-BDD0-BA373AE9DEF4}.Debug|Any CPU.ActiveCfg = Debug|Any CPU
		{93EE81F9-8302-4E09-BDD0-BA373AE9DEF4}.Debug|Any CPU.Build.0 = Debug|Any CPU
		{93EE81F9-8302-4E09-BDD0-BA373AE9DEF4}.Release|Any CPU.ActiveCfg = Release|Any CPU
		{93EE81F9-8302-4E09-BDD0-BA373AE9DEF4}.Release|Any CPU.Build.0 = Release|Any CPU
		{98326909-C3F0-431A-9FF4-17D4F68DC32E}.Debug|Any CPU.ActiveCfg = Debug|Any CPU
		{98326909-C3F0-431A-9FF4-17D4F68DC32E}.Debug|Any CPU.Build.0 = Debug|Any CPU
		{98326909-C3F0-431A-9FF4-17D4F68DC32E}.Release|Any CPU.ActiveCfg = Release|Any CPU
		{98326909-C3F0-431A-9FF4-17D4F68DC32E}.Release|Any CPU.Build.0 = Release|Any CPU
	EndGlobalSection
	GlobalSection(SolutionProperties) = preSolution
		HideSolutionNode = FALSE
	EndGlobalSection
	GlobalSection(ExtensibilityGlobals) = postSolution
		SolutionGuid = {7B59EA04-3B1D-4F75-A68A-9941784EE446}
	EndGlobalSection
EndGlobal
